// !$*UTF8*$!
{
	archiveVersion = 1;
	classes = {
	};
	objectVersion = 56;
	objects = {

/* Begin PBXBuildFile section */
		BD27BFEA29BF76FF002F08F7 /* AppDelegate.swift in Sources */ = {isa = PBXBuildFile; fileRef = BD27BFE929BF76FF002F08F7 /* AppDelegate.swift */; };
		BD27BFEC29BF76FF002F08F7 /* SceneDelegate.swift in Sources */ = {isa = PBXBuildFile; fileRef = BD27BFEB29BF76FF002F08F7 /* SceneDelegate.swift */; };
		BD27BFEE29BF76FF002F08F7 /* ViewController.swift in Sources */ = {isa = PBXBuildFile; fileRef = BD27BFED29BF76FF002F08F7 /* ViewController.swift */; };
		BD27BFF129BF76FF002F08F7 /* Main.storyboard in Resources */ = {isa = PBXBuildFile; fileRef = BD27BFEF29BF76FF002F08F7 /* Main.storyboard */; };
		BD27BFF329BF7700002F08F7 /* Assets.xcassets in Resources */ = {isa = PBXBuildFile; fileRef = BD27BFF229BF7700002F08F7 /* Assets.xcassets */; };
		BD27BFF629BF7700002F08F7 /* LaunchScreen.storyboard in Resources */ = {isa = PBXBuildFile; fileRef = BD27BFF429BF7700002F08F7 /* LaunchScreen.storyboard */; };
		BD27BFFE29BF7918002F08F7 /* CryptoTableViewCell.swift in Sources */ = {isa = PBXBuildFile; fileRef = BD27BFFD29BF7918002F08F7 /* CryptoTableViewCell.swift */; };
		BD27C00329BF7DB3002F08F7 /* CurrencyModel.swift in Sources */ = {isa = PBXBuildFile; fileRef = BD27C00229BF7DB3002F08F7 /* CurrencyModel.swift */; };
		BD27C00529BF7E78002F08F7 /* WebService.swift in Sources */ = {isa = PBXBuildFile; fileRef = BD27C00429BF7E78002F08F7 /* WebService.swift */; };
		BDB1DAE729C057E80022DC3A /* CurrencyViewModel.swift in Sources */ = {isa = PBXBuildFile; fileRef = BDB1DAE629C057E80022DC3A /* CurrencyViewModel.swift */; };
/* End PBXBuildFile section */

/* Begin PBXFileReference section */
		BD27BFE629BF76FF002F08F7 /* CryptoCurrency.app */ = {isa = PBXFileReference; explicitFileType = wrapper.application; includeInIndex = 0; path = CryptoCurrency.app; sourceTree = BUILT_PRODUCTS_DIR; };
		BD27BFE929BF76FF002F08F7 /* AppDelegate.swift */ = {isa = PBXFileReference; lastKnownFileType = sourcecode.swift; path = AppDelegate.swift; sourceTree = "<group>"; };
		BD27BFEB29BF76FF002F08F7 /* SceneDelegate.swift */ = {isa = PBXFileReference; lastKnownFileType = sourcecode.swift; path = SceneDelegate.swift; sourceTree = "<group>"; };
		BD27BFED29BF76FF002F08F7 /* ViewController.swift */ = {isa = PBXFileReference; lastKnownFileType = sourcecode.swift; path = ViewController.swift; sourceTree = "<group>"; };
		BD27BFF029BF76FF002F08F7 /* Base */ = {isa = PBXFileReference; lastKnownFileType = file.storyboard; name = Base; path = Base.lproj/Main.storyboard; sourceTree = "<group>"; };
		BD27BFF229BF7700002F08F7 /* Assets.xcassets */ = {isa = PBXFileReference; lastKnownFileType = folder.assetcatalog; path = Assets.xcassets; sourceTree = "<group>"; };
		BD27BFF529BF7700002F08F7 /* Base */ = {isa = PBXFileReference; lastKnownFileType = file.storyboard; name = Base; path = Base.lproj/LaunchScreen.storyboard; sourceTree = "<group>"; };
		BD27BFF729BF7700002F08F7 /* Info.plist */ = {isa = PBXFileReference; lastKnownFileType = text.plist.xml; path = Info.plist; sourceTree = "<group>"; };
		BD27BFFD29BF7918002F08F7 /* CryptoTableViewCell.swift */ = {isa = PBXFileReference; lastKnownFileType = sourcecode.swift; path = CryptoTableViewCell.swift; sourceTree = "<group>"; };
		BD27C00229BF7DB3002F08F7 /* CurrencyModel.swift */ = {isa = PBXFileReference; lastKnownFileType = sourcecode.swift; path = CurrencyModel.swift; sourceTree = "<group>"; };
		BD27C00429BF7E78002F08F7 /* WebService.swift */ = {isa = PBXFileReference; lastKnownFileType = sourcecode.swift; path = WebService.swift; sourceTree = "<group>"; };
		BDB1DAE629C057E80022DC3A /* CurrencyViewModel.swift */ = {isa = PBXFileReference; lastKnownFileType = sourcecode.swift; path = CurrencyViewModel.swift; sourceTree = "<group>"; };
/* End PBXFileReference section */

/* Begin PBXFrameworksBuildPhase section */
		BD27BFE329BF76FF002F08F7 /* Frameworks */ = {
			isa = PBXFrameworksBuildPhase;
			buildActionMask = 2147483647;
			files = (
			);
			runOnlyForDeploymentPostprocessing = 0;
		};
/* End PBXFrameworksBuildPhase section */

/* Begin PBXGroup section */
		BD27BFDD29BF76FF002F08F7 = {
			isa = PBXGroup;
			children = (
				BD27BFE829BF76FF002F08F7 /* CryptoCurrency */,
				BD27BFE729BF76FF002F08F7 /* Products */,
			);
			sourceTree = "<group>";
		};
		BD27BFE729BF76FF002F08F7 /* Products */ = {
			isa = PBXGroup;
			children = (
				BD27BFE629BF76FF002F08F7 /* CryptoCurrency.app */,
			);
			name = Products;
			sourceTree = "<group>";
		};
		BD27BFE829BF76FF002F08F7 /* CryptoCurrency */ = {
			isa = PBXGroup;
			children = (
				BDB1DAE529C057C90022DC3A /* ViewModel */,
				BD27C00129BF7D62002F08F7 /* Services */,
				BD27C00029BF7D50002F08F7 /* Model */,
				BD27BFFF29BF7D3F002F08F7 /* View */,
				BD27BFEF29BF76FF002F08F7 /* Main.storyboard */,
				BD27BFF229BF7700002F08F7 /* Assets.xcassets */,
				BD27BFF429BF7700002F08F7 /* LaunchScreen.storyboard */,
				BD27BFF729BF7700002F08F7 /* Info.plist */,
			);
			path = CryptoCurrency;
			sourceTree = "<group>";
		};
		BD27BFFF29BF7D3F002F08F7 /* View */ = {
			isa = PBXGroup;
			children = (
				BD27BFFD29BF7918002F08F7 /* CryptoTableViewCell.swift */,
				BD27BFED29BF76FF002F08F7 /* ViewController.swift */,
				BD27BFEB29BF76FF002F08F7 /* SceneDelegate.swift */,
				BD27BFE929BF76FF002F08F7 /* AppDelegate.swift */,
			);
			path = View;
			sourceTree = "<group>";
		};
		BD27C00029BF7D50002F08F7 /* Model */ = {
			isa = PBXGroup;
			children = (
				BD27C00229BF7DB3002F08F7 /* CurrencyModel.swift */,
			);
			path = Model;
			sourceTree = "<group>";
		};
		BD27C00129BF7D62002F08F7 /* Services */ = {
			isa = PBXGroup;
			children = (
				BD27C00429BF7E78002F08F7 /* WebService.swift */,
			);
			path = Services;
			sourceTree = "<group>";
		};
		BDB1DAE529C057C90022DC3A /* ViewModel */ = {
			isa = PBXGroup;
			children = (
				BDB1DAE629C057E80022DC3A /* CurrencyViewModel.swift */,
			);
			path = ViewModel;
			sourceTree = "<group>";
		};
/* End PBXGroup section */

/* Begin PBXNativeTarget section */
		BD27BFE529BF76FF002F08F7 /* CryptoCurrency */ = {
			isa = PBXNativeTarget;
			buildConfigurationList = BD27BFFA29BF7700002F08F7 /* Build configuration list for PBXNativeTarget "CryptoCurrency" */;
			buildPhases = (
				BD27BFE229BF76FF002F08F7 /* Sources */,
				BD27BFE329BF76FF002F08F7 /* Frameworks */,
				BD27BFE429BF76FF002F08F7 /* Resources */,
			);
			buildRules = (
			);
			dependencies = (
			);
			name = CryptoCurrency;
			productName = CryptoCurrency;
			productReference = BD27BFE629BF76FF002F08F7 /* CryptoCurrency.app */;
			productType = "com.apple.product-type.application";
		};
/* End PBXNativeTarget section */

/* Begin PBXProject section */
		BD27BFDE29BF76FF002F08F7 /* Project object */ = {
			isa = PBXProject;
			attributes = {
				BuildIndependentTargetsInParallel = 1;
				LastSwiftUpdateCheck = 1420;
				LastUpgradeCheck = 1420;
				TargetAttributes = {
					BD27BFE529BF76FF002F08F7 = {
						CreatedOnToolsVersion = 14.2;
					};
				};
			};
			buildConfigurationList = BD27BFE129BF76FF002F08F7 /* Build configuration list for PBXProject "CryptoCurrency" */;
			compatibilityVersion = "Xcode 14.0";
			developmentRegion = en;
			hasScannedForEncodings = 0;
			knownRegions = (
				en,
				Base,
			);
			mainGroup = BD27BFDD29BF76FF002F08F7;
			productRefGroup = BD27BFE729BF76FF002F08F7 /* Products */;
			projectDirPath = "";
			projectRoot = "";
			targets = (
				BD27BFE529BF76FF002F08F7 /* CryptoCurrency */,
			);
		};
/* End PBXProject section */

/* Begin PBXResourcesBuildPhase section */
		BD27BFE429BF76FF002F08F7 /* Resources */ = {
			isa = PBXResourcesBuildPhase;
			buildActionMask = 2147483647;
			files = (
				BD27BFF629BF7700002F08F7 /* LaunchScreen.storyboard in Resources */,
				BD27BFF329BF7700002F08F7 /* Assets.xcassets in Resources */,
				BD27BFF129BF76FF002F08F7 /* Main.storyboard in Resources */,
			);
			runOnlyForDeploymentPostprocessing = 0;
		};
/* End PBXResourcesBuildPhase section */

/* Begin PBXSourcesBuildPhase section */
		BD27BFE229BF76FF002F08F7 /* Sources */ = {
			isa = PBXSourcesBuildPhase;
			buildActionMask = 2147483647;
			files = (
				BD27C00529BF7E78002F08F7 /* WebService.swift in Sources */,
				BD27C00329BF7DB3002F08F7 /* CurrencyModel.swift in Sources */,
				BD27BFFE29BF7918002F08F7 /* CryptoTableViewCell.swift in Sources */,
				BDB1DAE729C057E80022DC3A /* CurrencyViewModel.swift in Sources */,
				BD27BFEE29BF76FF002F08F7 /* ViewController.swift in Sources */,
				BD27BFEA29BF76FF002F08F7 /* AppDelegate.swift in Sources */,
				BD27BFEC29BF76FF002F08F7 /* SceneDelegate.swift in Sources */,
			);
			runOnlyForDeploymentPostprocessing = 0;
		};
/* End PBXSourcesBuildPhase section */

/* Begin PBXVariantGroup section */
		BD27BFEF29BF76FF002F08F7 /* Main.storyboard */ = {
			isa = PBXVariantGroup;
			children = (
				BD27BFF029BF76FF002F08F7 /* Base */,
			);
			name = Main.storyboard;
			sourceTree = "<group>";
		};
		BD27BFF429BF7700002F08F7 /* LaunchScreen.storyboard */ = {
			isa = PBXVariantGroup;
			children = (
				BD27BFF529BF7700002F08F7 /* Base */,
			);
			name = LaunchScreen.storyboard;
			sourceTree = "<group>";
		};
/* End PBXVariantGroup section */

/* Begin XCBuildConfiguration section */
		BD27BFF829BF7700002F08F7 /* Debug */ = {
			isa = XCBuildConfiguration;
			buildSettings = {
				ALWAYS_SEARCH_USER_PATHS = NO;
				CLANG_ANALYZER_NONNULL = YES;
				CLANG_ANALYZER_NUMBER_OBJECT_CONVERSION = YES_AGGRESSIVE;
				CLANG_CXX_LANGUAGE_STANDARD = "gnu++20";
				CLANG_ENABLE_MODULES = YES;
				CLANG_ENABLE_OBJC_ARC = YES;
				CLANG_ENABLE_OBJC_WEAK = YES;
				CLANG_WARN_BLOCK_CAPTURE_AUTORELEASING = YES;
				CLANG_WARN_BOOL_CONVERSION = YES;
				CLANG_WARN_COMMA = YES;
				CLANG_WARN_CONSTANT_CONVERSION = YES;
				CLANG_WARN_DEPRECATED_OBJC_IMPLEMENTATIONS = YES;
				CLANG_WARN_DIRECT_OBJC_ISA_USAGE = YES_ERROR;
				CLANG_WARN_DOCUMENTATION_COMMENTS = YES;
				CLANG_WARN_EMPTY_BODY = YES;
				CLANG_WARN_ENUM_CONVERSION = YES;
				CLANG_WARN_INFINITE_RECURSION = YES;
				CLANG_WARN_INT_CONVERSION = YES;
				CLANG_WARN_NON_LITERAL_NULL_CONVERSION = YES;
				CLANG_WARN_OBJC_IMPLICIT_RETAIN_SELF = YES;
				CLANG_WARN_OBJC_LITERAL_CONVERSION = YES;
				CLANG_WARN_OBJC_ROOT_CLASS = YES_ERROR;
				CLANG_WARN_QUOTED_INCLUDE_IN_FRAMEWORK_HEADER = YES;
				CLANG_WARN_RANGE_LOOP_ANALYSIS = YES;
				CLANG_WARN_STRICT_PROTOTYPES = YES;
				CLANG_WARN_SUSPICIOUS_MOVE = YES;
				CLANG_WARN_UNGUARDED_AVAILABILITY = YES_AGGRESSIVE;
				CLANG_WARN_UNREACHABLE_CODE = YES;
				CLANG_WARN__DUPLICATE_METHOD_MATCH = YES;
				COPY_PHASE_STRIP = NO;
				DEBUG_INFORMATION_FORMAT = dwarf;
				ENABLE_STRICT_OBJC_MSGSEND = YES;
				ENABLE_TESTABILITY = YES;
				GCC_C_LANGUAGE_STANDARD = gnu11;
				GCC_DYNAMIC_NO_PIC = NO;
				GCC_NO_COMMON_BLOCKS = YES;
				GCC_OPTIMIZATION_LEVEL = 0;
				GCC_PREPROCESSOR_DEFINITIONS = (
					"DEBUG=1",
					"$(inherited)",
				);
				GCC_WARN_64_TO_32_BIT_CONVERSION = YES;
				GCC_WARN_ABOUT_RETURN_TYPE = YES_ERROR;
				GCC_WARN_UNDECLARED_SELECTOR = YES;
				GCC_WARN_UNINITIALIZED_AUTOS = YES_AGGRESSIVE;
				GCC_WARN_UNUSED_FUNCTION = YES;
				GCC_WARN_UNUSED_VARIABLE = YES;
				IPHONEOS_DEPLOYMENT_TARGET = 16.2;
				MTL_ENABLE_DEBUG_INFO = INCLUDE_SOURCE;
				MTL_FAST_MATH = YES;
				ONLY_ACTIVE_ARCH = YES;
				SDKROOT = iphoneos;
				SWIFT_ACTIVE_COMPILATION_CONDITIONS = DEBUG;
				SWIFT_OPTIMIZATION_LEVEL = "-Onone";
			};
			name = Debug;
		};
		BD27BFF929BF7700002F08F7 /* Release */ = {
			isa = XCBuildConfiguration;
			buildSettings = {
				ALWAYS_SEARCH_USER_PATHS = NO;
				CLANG_ANALYZER_NONNULL = YES;
				CLANG_ANALYZER_NUMBER_OBJECT_CONVERSION = YES_AGGRESSIVE;
				CLANG_CXX_LANGUAGE_STANDARD = "gnu++20";
				CLANG_ENABLE_MODULES = YES;
				CLANG_ENABLE_OBJC_ARC = YES;
				CLANG_ENABLE_OBJC_WEAK = YES;
				CLANG_WARN_BLOCK_CAPTURE_AUTORELEASING = YES;
				CLANG_WARN_BOOL_CONVERSION = YES;
				CLANG_WARN_COMMA = YES;
				CLANG_WARN_CONSTANT_CONVERSION = YES;
				CLANG_WARN_DEPRECATED_OBJC_IMPLEMENTATIONS = YES;
				CLANG_WARN_DIRECT_OBJC_ISA_USAGE = YES_ERROR;
				CLANG_WARN_DOCUMENTATION_COMMENTS = YES;
				CLANG_WARN_EMPTY_BODY = YES;
				CLANG_WARN_ENUM_CONVERSION = YES;
				CLANG_WARN_INFINITE_RECURSION = YES;
				CLANG_WARN_INT_CONVERSION = YES;
				CLANG_WARN_NON_LITERAL_NULL_CONVERSION = YES;
				CLANG_WARN_OBJC_IMPLICIT_RETAIN_SELF = YES;
				CLANG_WARN_OBJC_LITERAL_CONVERSION = YES;
				CLANG_WARN_OBJC_ROOT_CLASS = YES_ERROR;
				CLANG_WARN_QUOTED_INCLUDE_IN_FRAMEWORK_HEADER = YES;
				CLANG_WARN_RANGE_LOOP_ANALYSIS = YES;
				CLANG_WARN_STRICT_PROTOTYPES = YES;
				CLANG_WARN_SUSPICIOUS_MOVE = YES;
				CLANG_WARN_UNGUARDED_AVAILABILITY = YES_AGGRESSIVE;
				CLANG_WARN_UNREACHABLE_CODE = YES;
				CLANG_WARN__DUPLICATE_METHOD_MATCH = YES;
				COPY_PHASE_STRIP = NO;
				DEBUG_INFORMATION_FORMAT = "dwarf-with-dsym";
				ENABLE_NS_ASSERTIONS = NO;
				ENABLE_STRICT_OBJC_MSGSEND = YES;
				GCC_C_LANGUAGE_STANDARD = gnu11;
				GCC_NO_COMMON_BLOCKS = YES;
				GCC_WARN_64_TO_32_BIT_CONVERSION = YES;
				GCC_WARN_ABOUT_RETURN_TYPE = YES_ERROR;
				GCC_WARN_UNDECLARED_SELECTOR = YES;
				GCC_WARN_UNINITIALIZED_AUTOS = YES_AGGRESSIVE;
				GCC_WARN_UNUSED_FUNCTION = YES;
				GCC_WARN_UNUSED_VARIABLE = YES;
				IPHONEOS_DEPLOYMENT_TARGET = 16.2;
				MTL_ENABLE_DEBUG_INFO = NO;
				MTL_FAST_MATH = YES;
				SDKROOT = iphoneos;
				SWIFT_COMPILATION_MODE = wholemodule;
				SWIFT_OPTIMIZATION_LEVEL = "-O";
				VALIDATE_PRODUCT = YES;
			};
			name = Release;
		};
		BD27BFFB29BF7700002F08F7 /* Debug */ = {
			isa = XCBuildConfiguration;
			buildSettings = {
				ASSETCATALOG_COMPILER_APPICON_NAME = AppIcon;
				ASSETCATALOG_COMPILER_GLOBAL_ACCENT_COLOR_NAME = AccentColor;
				CODE_SIGN_STYLE = Automatic;
				CURRENT_PROJECT_VERSION = 1;
				GENERATE_INFOPLIST_FILE = YES;
				INFOPLIST_FILE = CryptoCurrency/Info.plist;
				INFOPLIST_KEY_UIApplicationSupportsIndirectInputEvents = YES;
				INFOPLIST_KEY_UILaunchStoryboardName = LaunchScreen;
				INFOPLIST_KEY_UIMainStoryboardFile = Main;
				INFOPLIST_KEY_UISupportedInterfaceOrientations_iPad = "UIInterfaceOrientationPortrait UIInterfaceOrientationPortraitUpsideDown UIInterfaceOrientationLandscapeLeft UIInterfaceOrientationLandscapeRight";
				INFOPLIST_KEY_UISupportedInterfaceOrientations_iPhone = "UIInterfaceOrientationPortrait UIInterfaceOrientationLandscapeLeft UIInterfaceOrientationLandscapeRight";
				LD_RUNPATH_SEARCH_PATHS = (
					"$(inherited)",
					"@executable_path/Frameworks",
				);
				MARKETING_VERSION = 1.0;
				PRODUCT_BUNDLE_IDENTIFIER = EnesTy.CryptoCurrency;
				PRODUCT_NAME = "$(TARGET_NAME)";
				SWIFT_EMIT_LOC_STRINGS = YES;
				SWIFT_VERSION = 5.0;
				TARGETED_DEVICE_FAMILY = "1,2";
			};
			name = Debug;
		};
		BD27BFFC29BF7700002F08F7 /* Release */ = {
			isa = XCBuildConfiguration;
			buildSettings = {
				ASSETCATALOG_COMPILER_APPICON_NAME = AppIcon;
				ASSETCATALOG_COMPILER_GLOBAL_ACCENT_COLOR_NAME = AccentColor;
				CODE_SIGN_STYLE = Automatic;
				CURRENT_PROJECT_VERSION = 1;
				GENERATE_INFOPLIST_FILE = YES;
				INFOPLIST_FILE = CryptoCurrency/Info.plist;
				INFOPLIST_KEY_UIApplicationSupportsIndirectInputEvents = YES;
				INFOPLIST_KEY_UILaunchStoryboardName = LaunchScreen;
				INFOPLIST_KEY_UIMainStoryboardFile = Main;
				INFOPLIST_KEY_UISupportedInterfaceOrientations_iPad = "UIInterfaceOrientationPortrait UIInterfaceOrientationPortraitUpsideDown UIInterfaceOrientationLandscapeLeft UIInterfaceOrientationLandscapeRight";
				INFOPLIST_KEY_UISupportedInterfaceOrientations_iPhone = "UIInterfaceOrientationPortrait UIInterfaceOrientationLandscapeLeft UIInterfaceOrientationLandscapeRight";
				LD_RUNPATH_SEARCH_PATHS = (
					"$(inherited)",
					"@executable_path/Frameworks",
				);
				MARKETING_VERSION = 1.0;
				PRODUCT_BUNDLE_IDENTIFIER = EnesTy.CryptoCurrency;
				PRODUCT_NAME = "$(TARGET_NAME)";
				SWIFT_EMIT_LOC_STRINGS = YES;
				SWIFT_VERSION = 5.0;
				TARGETED_DEVICE_FAMILY = "1,2";
			};
			name = Release;
		};
/* End XCBuildConfiguration section */

/* Begin XCConfigurationList section */
		BD27BFE129BF76FF002F08F7 /* Build configuration list for PBXProject "CryptoCurrency" */ = {
			isa = XCConfigurationList;
			buildConfigurations = (
				BD27BFF829BF7700002F08F7 /* Debug */,
				BD27BFF929BF7700002F08F7 /* Release */,
			);
			defaultConfigurationIsVisible = 0;
			defaultConfigurationName = Release;
		};
		BD27BFFA29BF7700002F08F7 /* Build configuration list for PBXNativeTarget "CryptoCurrency" */ = {
			isa = XCConfigurationList;
			buildConfigurations = (
				BD27BFFB29BF7700002F08F7 /* Debug */,
				BD27BFFC29BF7700002F08F7 /* Release */,
			);
			defaultConfigurationIsVisible = 0;
			defaultConfigurationName = Release;
		};
/* End XCConfigurationList section */
	};
	rootObject = BD27BFDE29BF76FF002F08F7 /* Project object */;
}
